Microsoft Visual Studio Solution File, Format Version 12.00
# Visual Studio Version 17
VisualStudioVersion = 17.5.2.0
MinimumVisualStudioVersion = 10.0.40219.1
Project("{FAE04EC0-301F-11D3-BF4B-00C04F79EFBC}") = "MyFirstMCPClient", "MyFirstMCPClient.csproj", "{6C0BC20F-D4F4-7A00-DB6B-533A3D0EF560}"
EndProject
Global
	GlobalSection(SolutionConfigurationPlatforms) = preSolution
		Debug|Any CPU = Debug|Any CPU
		Release|Any CPU = Release|Any CPU
	EndGlobalSection
	GlobalSection(ProjectConfigurationPlatforms) = postSolution
		{6C0BC20F-D4F4-7A00-DB6B-533A3D0EF560}.Debug|Any CPU.ActiveCfg = Debug|Any CPU
		{6C0BC20F-D4F4-7A00-DB6B-533A3D0EF560}.Debug|Any CPU.Build.0 = Debug|Any CPU
		{6C0BC20F-D4F4-7A00-DB6B-533A3D0EF560}.Release|Any CPU.ActiveCfg = Release|Any CPU
		{6C0BC20F-D4F4-7A00-DB6B-533A3D0EF560}.Release|Any CPU.Build.0 = Release|Any CPU
	EndGlobalSection
	GlobalSection(SolutionProperties) = preSolution
		HideSolutionNode = FALSE
	EndGlobalSection
	GlobalSection(ExtensibilityGlobals) = postSolution
		SolutionGuid = {2CF1A4C0-529E-409D-945D-72E937C4E337}
	EndGlobalSection
EndGlobal
